
Microsoft Visual Studio Solution File, Format Version 12.00
# Visual Studio 2013
VisualStudioVersion = 12.0.31101.0
MinimumVisualStudioVersion = 10.0.40219.1
Project("{FAE04EC0-301F-11D3-BF4B-00C04F79EFBC}") = "AplikasiBarang.DAL", "AplikasiBarang.DAL\AplikasiBarang.DAL.csproj", "{FD3A85BB-5F78-4EB2-8C65-8D549EECE652}"
EndProject
Project("{FAE04EC0-301F-11D3-BF4B-00C04F79EFBC}") = "AplikasiBarang.WebApp", "AplikasiBarang.WebApp\AplikasiBarang.WebApp.csproj", "{20D1085F-1BB6-47EC-9550-2F6F8A5428F9}"
EndProject
Global
	GlobalSection(SolutionConfigurationPlatforms) = preSolution
		Debug|Any CPU = Debug|Any CPU
		Release|Any CPU = Release|Any CPU
	EndGlobalSection
	GlobalSection(ProjectConfigurationPlatforms) = postSolution
		{FD3A85BB-5F78-4EB2-8C65-8D549EECE652}.Debug|Any CPU.ActiveCfg = Debug|Any CPU
		{FD3A85BB-5F78-4EB2-8C65-8D549EECE652}.Debug|Any CPU.Build.0 = Debug|Any CPU
		{FD3A85BB-5F78-4EB2-8C65-8D549EECE652}.Release|Any CPU.ActiveCfg = Release|Any CPU
		{FD3A85BB-5F78-4EB2-8C65-8D549EECE652}.Release|Any CPU.Build.0 = Release|Any CPU
		{20D1085F-1BB6-47EC-9550-2F6F8A5428F9}.Debug|Any CPU.ActiveCfg = Debug|Any CPU
		{20D1085F-1BB6-47EC-9550-2F6F8A5428F9}.Debug|Any CPU.Build.0 = Debug|Any CPU
		{20D1085F-1BB6-47EC-9550-2F6F8A5428F9}.Release|Any CPU.ActiveCfg = Release|Any CPU
		{20D1085F-1BB6-47EC-9550-2F6F8A5428F9}.Release|Any CPU.Build.0 = Release|Any CPU
	EndGlobalSection
	GlobalSection(SolutionProperties) = preSolution
		HideSolutionNode = FALSE
	EndGlobalSection
EndGlobal
